
Microsoft Visual Studio Solution File, Format Version 12.00
# Visual Studio Version 17
VisualStudioVersion = 17.0.31903.59
MinimumVisualStudioVersion = 10.0.40219.1
Project("{FAE04EC0-301F-11D3-BF4B-00C04F79EFBC}") = "Noctra.Tests", "Noctra.Tests\Noctra.Tests.csproj", "{0D8D76C7-8D34-476C-B2F2-FD28F8D7EB58}"
EndProject
Project("{FAE04EC0-301F-11D3-BF4B-00C04F79EFBC}") = "Noctra.Core", "Noctra.Core\Noctra.Core.csproj", "{2A55A23A-CC29-4EE5-93E2-21D3C77E4DFA}"
EndProject
Project("{FAE04EC0-301F-11D3-BF4B-00C04F79EFBC}") = "Noctra", "Noctra\Noctra.csproj", "{51A21637-531D-4454-B493-29862DE2595E}"
EndProject
Global
	GlobalSection(SolutionConfigurationPlatforms) = preSolution
		Debug|Any CPU = Debug|Any CPU
		Release|Any CPU = Release|Any CPU
	EndGlobalSection
	GlobalSection(SolutionProperties) = preSolution
		HideSolutionNode = FALSE
	EndGlobalSection
	GlobalSection(ProjectConfigurationPlatforms) = postSolution
		{0D8D76C7-8D34-476C-B2F2-FD28F8D7EB58}.Debug|Any CPU.ActiveCfg = Debug|Any CPU
		{0D8D76C7-8D34-476C-B2F2-FD28F8D7EB58}.Debug|Any CPU.Build.0 = Debug|Any CPU
		{0D8D76C7-8D34-476C-B2F2-FD28F8D7EB58}.Release|Any CPU.ActiveCfg = Release|Any CPU
		{0D8D76C7-8D34-476C-B2F2-FD28F8D7EB58}.Release|Any CPU.Build.0 = Release|Any CPU
		{2A55A23A-CC29-4EE5-93E2-21D3C77E4DFA}.Debug|Any CPU.ActiveCfg = Debug|Any CPU
		{2A55A23A-CC29-4EE5-93E2-21D3C77E4DFA}.Debug|Any CPU.Build.0 = Debug|Any CPU
		{2A55A23A-CC29-4EE5-93E2-21D3C77E4DFA}.Release|Any CPU.ActiveCfg = Release|Any CPU
		{2A55A23A-CC29-4EE5-93E2-21D3C77E4DFA}.Release|Any CPU.Build.0 = Release|Any CPU
		{51A21637-531D-4454-B493-29862DE2595E}.Debug|Any CPU.ActiveCfg = Debug|Any CPU
		{51A21637-531D-4454-B493-29862DE2595E}.Debug|Any CPU.Build.0 = Debug|Any CPU
		{51A21637-531D-4454-B493-29862DE2595E}.Release|Any CPU.ActiveCfg = Release|Any CPU
		{51A21637-531D-4454-B493-29862DE2595E}.Release|Any CPU.Build.0 = Release|Any CPU
	EndGlobalSection
EndGlobal

